Microsoft Visual Studio Solution File, Format Version 12.00
# Visual Studio 15
VisualStudioVersion = 15.0.26228.10
MinimumVisualStudioVersion = 10.0.40219.1
Project("{2150E333-8FDC-42A3-9474-1A3956D46DE8}") = "Core", "Core", "{0410EFCB-757C-46BA-99AA-A82A06A79F64}"
EndProject
Project("{2150E333-8FDC-42A3-9474-1A3956D46DE8}") = "Extra", "Extra", "{16A2D2FA-6D59-498E-8160-66518531792E}"
EndProject
Project("{2150E333-8FDC-42A3-9474-1A3956D46DE8}") = "Tests", "Tests", "{8DB69669-2C09-404B-B29A-79641919078B}"
EndProject
Project("{2150E333-8FDC-42A3-9474-1A3956D46DE8}") = "Solution Items", "Solution Items", "{D561839E-B307-4A56-A64F-BA9DC33B5D71}"
	ProjectSection(SolutionItems) = preProject
		Build\common.props = Build\common.props
		Build\define.props = Build\define.props
		NuGet.Config = NuGet.Config
		Build\version.props = Build\version.props
	EndProjectSection
EndProject
Project("{9A19103F-16F7-4668-BE54-9A1E7A4F7556}") = "System.Reactive.Core", "System.Reactive.Core\System.Reactive.Core.csproj", "{FDA62C35-4174-44B0-BEBE-61E80B2515BA}"
EndProject
Project("{9A19103F-16F7-4668-BE54-9A1E7A4F7556}") = "System.Reactive.Interfaces", "System.Reactive.Interfaces\System.Reactive.Interfaces.csproj", "{430061B8-8504-483F-A532-CEB69FF04128}"
EndProject
Project("{9A19103F-16F7-4668-BE54-9A1E7A4F7556}") = "System.Reactive.Linq", "System.Reactive.Linq\System.Reactive.Linq.csproj", "{A5508FF0-93B9-4241-B666-07B05189C435}"
EndProject
Project("{9A19103F-16F7-4668-BE54-9A1E7A4F7556}") = "System.Reactive.PlatformServices", "System.Reactive.PlatformServices\System.Reactive.PlatformServices.csproj", "{7DD3DDA0-0B73-4A7F-ACAF-15111AC2EB93}"
EndProject
Project("{9A19103F-16F7-4668-BE54-9A1E7A4F7556}") = "System.Reactive.Observable.Aliases", "System.Reactive.Observable.Aliases\System.Reactive.Observable.Aliases.csproj", "{5965A929-C3E5-42AD-8328-3641F8967E72}"
EndProject
Project("{9A19103F-16F7-4668-BE54-9A1E7A4F7556}") = "System.Reactive.Providers", "System.Reactive.Providers\System.Reactive.Providers.csproj", "{845E4FBF-A6C0-4870-9D1A-C832E262D956}"
EndProject
Project("{9A19103F-16F7-4668-BE54-9A1E7A4F7556}") = "System.Reactive.Experimental", "System.Reactive.Experimental\System.Reactive.Experimental.csproj", "{FB2DB31D-FCFA-45CE-A3A8-7B7C14ECD77A}"
EndProject
Project("{9A19103F-16F7-4668-BE54-9A1E7A4F7556}") = "System.Reactive.Windows.Threading", "System.Reactive.Windows.Threading\System.Reactive.Windows.Threading.csproj", "{C18C6FE5-7408-4F3B-B562-7A563E01701E}"
EndProject
Project("{9A19103F-16F7-4668-BE54-9A1E7A4F7556}") = "System.Reactive.Runtime.Remoting", "System.Reactive.Runtime.Remoting\System.Reactive.Runtime.Remoting.csproj", "{A22F3131-6D20-4D67-9A9F-314FE3691EA1}"
EndProject
Project("{9A19103F-16F7-4668-BE54-9A1E7A4F7556}") = "System.Reactive.Windows.Forms", "System.Reactive.Windows.Forms\System.Reactive.Windows.Forms.csproj", "{C17D3BD1-222F-4DCC-BBF8-44A04399701B}"
EndProject
Project("{9A19103F-16F7-4668-BE54-9A1E7A4F7556}") = "Microsoft.Reactive.Testing", "Microsoft.Reactive.Testing\Microsoft.Reactive.Testing.csproj", "{7CEC9C13-2631-4C6E-99F5-597B78478AE7}"
EndProject
Project("{9A19103F-16F7-4668-BE54-9A1E7A4F7556}") = "Tests.System.Reactive", "Tests.System.Reactive\Tests.System.Reactive.csproj", "{21C74251-3077-4FB7-8330-44F9C26200B0}"
EndProject
Project("{2150E333-8FDC-42A3-9474-1A3956D46DE8}") = "shared", "shared", "{BB4BF990-0ABB-40C5-834D-3E14060A23BC}"
EndProject
Project("{D954291E-2A0B-460D-934E-DC6B0785DB48}") = "Nito.AsyncEx.ExceptionEnlightenment.Sources", "..\..\..\CuteAnt.Extensions.Common\src\Nito.AsyncEx.ExceptionEnlightenment.Sources\Nito.AsyncEx.ExceptionEnlightenment.Sources.shproj", "{D90E9B82-6317-4055-82E3-FE8625C143E9}"
EndProject
Global
	GlobalSection(SharedMSBuildProjectFiles) = preSolution
		..\..\..\CuteAnt.Extensions.Common\src\Nito.AsyncEx.ExceptionEnlightenment.Sources\Nito.AsyncEx.ExceptionEnlightenment.Sources.projitems*{d90e9b82-6317-4055-82e3-fe8625c143e9}*SharedItemsImports = 13
	EndGlobalSection
	GlobalSection(SolutionConfigurationPlatforms) = preSolution
		Debug|Any CPU = Debug|Any CPU
		Debug|ARM = Debug|ARM
		Debug|x64 = Debug|x64
		Debug|x86 = Debug|x86
		Release|Any CPU = Release|Any CPU
		Release|ARM = Release|ARM
		Release|x64 = Release|x64
		Release|x86 = Release|x86
	EndGlobalSection
	GlobalSection(ProjectConfigurationPlatforms) = postSolution
		{FDA62C35-4174-44B0-BEBE-61E80B2515BA}.Debug|Any CPU.ActiveCfg = Debug|Any CPU
		{FDA62C35-4174-44B0-BEBE-61E80B2515BA}.Debug|Any CPU.Build.0 = Debug|Any CPU
		{FDA62C35-4174-44B0-BEBE-61E80B2515BA}.Debug|ARM.ActiveCfg = Debug|Any CPU
		{FDA62C35-4174-44B0-BEBE-61E80B2515BA}.Debug|ARM.Build.0 = Debug|Any CPU
		{FDA62C35-4174-44B0-BEBE-61E80B2515BA}.Debug|x64.ActiveCfg = Debug|Any CPU
		{FDA62C35-4174-44B0-BEBE-61E80B2515BA}.Debug|x64.Build.0 = Debug|Any CPU
		{FDA62C35-4174-44B0-BEBE-61E80B2515BA}.Debug|x86.ActiveCfg = Debug|Any CPU
		{FDA62C35-4174-44B0-BEBE-61E80B2515BA}.Debug|x86.Build.0 = Debug|Any CPU
		{FDA62C35-4174-44B0-BEBE-61E80B2515BA}.Release|Any CPU.ActiveCfg = Release|Any CPU
		{FDA62C35-4174-44B0-BEBE-61E80B2515BA}.Release|Any CPU.Build.0 = Release|Any CPU
		{FDA62C35-4174-44B0-BEBE-61E80B2515BA}.Release|ARM.ActiveCfg = Release|Any CPU
		{FDA62C35-4174-44B0-BEBE-61E80B2515BA}.Release|ARM.Build.0 = Release|Any CPU
		{FDA62C35-4174-44B0-BEBE-61E80B2515BA}.Release|x64.ActiveCfg = Release|Any CPU
		{FDA62C35-4174-44B0-BEBE-61E80B2515BA}.Release|x64.Build.0 = Release|Any CPU
		{FDA62C35-4174-44B0-BEBE-61E80B2515BA}.Release|x86.ActiveCfg = Release|Any CPU
		{FDA62C35-4174-44B0-BEBE-61E80B2515BA}.Release|x86.Build.0 = Release|Any CPU
		{430061B8-8504-483F-A532-CEB69FF04128}.Debug|Any CPU.ActiveCfg = Debug|Any CPU
		{430061B8-8504-483F-A532-CEB69FF04128}.Debug|Any CPU.Build.0 = Debug|Any CPU
		{430061B8-8504-483F-A532-CEB69FF04128}.Debug|ARM.ActiveCfg = Debug|Any CPU
		{430061B8-8504-483F-A532-CEB69FF04128}.Debug|ARM.Build.0 = Debug|Any CPU
		{430061B8-8504-483F-A532-CEB69FF04128}.Debug|x64.ActiveCfg = Debug|Any CPU
		{430061B8-8504-483F-A532-CEB69FF04128}.Debug|x64.Build.0 = Debug|Any CPU
		{430061B8-8504-483F-A532-CEB69FF04128}.Debug|x86.ActiveCfg = Debug|Any CPU
		{430061B8-8504-483F-A532-CEB69FF04128}.Debug|x86.Build.0 = Debug|Any CPU
		{430061B8-8504-483F-A532-CEB69FF04128}.Release|Any CPU.ActiveCfg = Release|Any CPU
		{430061B8-8504-483F-A532-CEB69FF04128}.Release|Any CPU.Build.0 = Release|Any CPU
		{430061B8-8504-483F-A532-CEB69FF04128}.Release|ARM.ActiveCfg = Release|Any CPU
		{430061B8-8504-483F-A532-CEB69FF04128}.Release|ARM.Build.0 = Release|Any CPU
		{430061B8-8504-483F-A532-CEB69FF04128}.Release|x64.ActiveCfg = Release|Any CPU
		{430061B8-8504-483F-A532-CEB69FF04128}.Release|x64.Build.0 = Release|Any CPU
		{430061B8-8504-483F-A532-CEB69FF04128}.Release|x86.ActiveCfg = Release|Any CPU
		{430061B8-8504-483F-A532-CEB69FF04128}.Release|x86.Build.0 = Release|Any CPU
		{A5508FF0-93B9-4241-B666-07B05189C435}.Debug|Any CPU.ActiveCfg = Debug|Any CPU
		{A5508FF0-93B9-4241-B666-07B05189C435}.Debug|Any CPU.Build.0 = Debug|Any CPU
		{A5508FF0-93B9-4241-B666-07B05189C435}.Debug|ARM.ActiveCfg = Debug|Any CPU
		{A5508FF0-93B9-4241-B666-07B05189C435}.Debug|ARM.Build.0 = Debug|Any CPU
		{A5508FF0-93B9-4241-B666-07B05189C435}.Debug|x64.ActiveCfg = Debug|Any CPU
		{A5508FF0-93B9-4241-B666-07B05189C435}.Debug|x64.Build.0 = Debug|Any CPU
		{A5508FF0-93B9-4241-B666-07B05189C435}.Debug|x86.ActiveCfg = Debug|Any CPU
		{A5508FF0-93B9-4241-B666-07B05189C435}.Debug|x86.Build.0 = Debug|Any CPU
		{A5508FF0-93B9-4241-B666-07B05189C435}.Release|Any CPU.ActiveCfg = Release|Any CPU
		{A5508FF0-93B9-4241-B666-07B05189C435}.Release|Any CPU.Build.0 = Release|Any CPU
		{A5508FF0-93B9-4241-B666-07B05189C435}.Release|ARM.ActiveCfg = Release|Any CPU
		{A5508FF0-93B9-4241-B666-07B05189C435}.Release|ARM.Build.0 = Release|Any CPU
		{A5508FF0-93B9-4241-B666-07B05189C435}.Release|x64.ActiveCfg = Release|Any CPU
		{A5508FF0-93B9-4241-B666-07B05189C435}.Release|x64.Build.0 = Release|Any CPU
		{A5508FF0-93B9-4241-B666-07B05189C435}.Release|x86.ActiveCfg = Release|Any CPU
		{A5508FF0-93B9-4241-B666-07B05189C435}.Release|x86.Build.0 = Release|Any CPU
		{7DD3DDA0-0B73-4A7F-ACAF-15111AC2EB93}.Debug|Any CPU.ActiveCfg = Debug|Any CPU
		{7DD3DDA0-0B73-4A7F-ACAF-15111AC2EB93}.Debug|Any CPU.Build.0 = Debug|Any CPU
		{7DD3DDA0-0B73-4A7F-ACAF-15111AC2EB93}.Debug|ARM.ActiveCfg = Debug|Any CPU
		{7DD3DDA0-0B73-4A7F-ACAF-15111AC2EB93}.Debug|ARM.Build.0 = Debug|Any CPU
		{7DD3DDA0-0B73-4A7F-ACAF-15111AC2EB93}.Debug|x64.ActiveCfg = Debug|Any CPU
		{7DD3DDA0-0B73-4A7F-ACAF-15111AC2EB93}.Debug|x64.Build.0 = Debug|Any CPU
		{7DD3DDA0-0B73-4A7F-ACAF-15111AC2EB93}.Debug|x86.ActiveCfg = Debug|Any CPU
		{7DD3DDA0-0B73-4A7F-ACAF-15111AC2EB93}.Debug|x86.Build.0 = Debug|Any CPU
		{7DD3DDA0-0B73-4A7F-ACAF-15111AC2EB93}.Release|Any CPU.ActiveCfg = Release|Any CPU
		{7DD3DDA0-0B73-4A7F-ACAF-15111AC2EB93}.Release|Any CPU.Build.0 = Release|Any CPU
		{7DD3DDA0-0B73-4A7F-ACAF-15111AC2EB93}.Release|ARM.ActiveCfg = Release|Any CPU
		{7DD3DDA0-0B73-4A7F-ACAF-15111AC2EB93}.Release|ARM.Build.0 = Release|Any CPU
		{7DD3DDA0-0B73-4A7F-ACAF-15111AC2EB93}.Release|x64.ActiveCfg = Release|Any CPU
		{7DD3DDA0-0B73-4A7F-ACAF-15111AC2EB93}.Release|x64.Build.0 = Release|Any CPU
		{7DD3DDA0-0B73-4A7F-ACAF-15111AC2EB93}.Release|x86.ActiveCfg = Release|Any CPU
		{7DD3DDA0-0B73-4A7F-ACAF-15111AC2EB93}.Release|x86.Build.0 = Release|Any CPU
		{5965A929-C3E5-42AD-8328-3641F8967E72}.Debug|Any CPU.ActiveCfg = Debug|Any CPU
		{5965A929-C3E5-42AD-8328-3641F8967E72}.Debug|Any CPU.Build.0 = Debug|Any CPU
		{5965A929-C3E5-42AD-8328-3641F8967E72}.Debug|ARM.ActiveCfg = Debug|Any CPU
		{5965A929-C3E5-42AD-8328-3641F8967E72}.Debug|ARM.Build.0 = Debug|Any CPU
		{5965A929-C3E5-42AD-8328-3641F8967E72}.Debug|x64.ActiveCfg = Debug|Any CPU
		{5965A929-C3E5-42AD-8328-3641F8967E72}.Debug|x64.Build.0 = Debug|Any CPU
		{5965A929-C3E5-42AD-8328-3641F8967E72}.Debug|x86.ActiveCfg = Debug|Any CPU
		{5965A929-C3E5-42AD-8328-3641F8967E72}.Debug|x86.Build.0 = Debug|Any CPU
		{5965A929-C3E5-42AD-8328-3641F8967E72}.Release|Any CPU.ActiveCfg = Release|Any CPU
		{5965A929-C3E5-42AD-8328-3641F8967E72}.Release|Any CPU.Build.0 = Release|Any CPU
		{5965A929-C3E5-42AD-8328-3641F8967E72}.Release|ARM.ActiveCfg = Release|Any CPU
		{5965A929-C3E5-42AD-8328-3641F8967E72}.Release|ARM.Build.0 = Release|Any CPU
		{5965A929-C3E5-42AD-8328-3641F8967E72}.Release|x64.ActiveCfg = Release|Any CPU
		{5965A929-C3E5-42AD-8328-3641F8967E72}.Release|x64.Build.0 = Release|Any CPU
		{5965A929-C3E5-42AD-8328-3641F8967E72}.Release|x86.ActiveCfg = Release|Any CPU
		{5965A929-C3E5-42AD-8328-3641F8967E72}.Release|x86.Build.0 = Release|Any CPU
		{845E4FBF-A6C0-4870-9D1A-C832E262D956}.Debug|Any CPU.ActiveCfg = Debug|Any CPU
		{845E4FBF-A6C0-4870-9D1A-C832E262D956}.Debug|Any CPU.Build.0 = Debug|Any CPU
		{845E4FBF-A6C0-4870-9D1A-C832E262D956}.Debug|ARM.ActiveCfg = Debug|Any CPU
		{845E4FBF-A6C0-4870-9D1A-C832E262D956}.Debug|ARM.Build.0 = Debug|Any CPU
		{845E4FBF-A6C0-4870-9D1A-C832E262D956}.Debug|x64.ActiveCfg = Debug|Any CPU
		{845E4FBF-A6C0-4870-9D1A-C832E262D956}.Debug|x64.Build.0 = Debug|Any CPU
		{845E4FBF-A6C0-4870-9D1A-C832E262D956}.Debug|x86.ActiveCfg = Debug|Any CPU
		{845E4FBF-A6C0-4870-9D1A-C832E262D956}.Debug|x86.Build.0 = Debug|Any CPU
		{845E4FBF-A6C0-4870-9D1A-C832E262D956}.Release|Any CPU.ActiveCfg = Release|Any CPU
		{845E4FBF-A6C0-4870-9D1A-C832E262D956}.Release|Any CPU.Build.0 = Release|Any CPU
		{845E4FBF-A6C0-4870-9D1A-C832E262D956}.Release|ARM.ActiveCfg = Release|Any CPU
		{845E4FBF-A6C0-4870-9D1A-C832E262D956}.Release|ARM.Build.0 = Release|Any CPU
		{845E4FBF-A6C0-4870-9D1A-C832E262D956}.Release|x64.ActiveCfg = Release|Any CPU
		{845E4FBF-A6C0-4870-9D1A-C832E262D956}.Release|x64.Build.0 = Release|Any CPU
		{845E4FBF-A6C0-4870-9D1A-C832E262D956}.Release|x86.ActiveCfg = Release|Any CPU
		{845E4FBF-A6C0-4870-9D1A-C832E262D956}.Release|x86.Build.0 = Release|Any CPU
		{FB2DB31D-FCFA-45CE-A3A8-7B7C14ECD77A}.Debug|Any CPU.ActiveCfg = Debug|Any CPU
		{FB2DB31D-FCFA-45CE-A3A8-7B7C14ECD77A}.Debug|Any CPU.Build.0 = Debug|Any CPU
		{FB2DB31D-FCFA-45CE-A3A8-7B7C14ECD77A}.Debug|ARM.ActiveCfg = Debug|Any CPU
		{FB2DB31D-FCFA-45CE-A3A8-7B7C14ECD77A}.Debug|ARM.Build.0 = Debug|Any CPU
		{FB2DB31D-FCFA-45CE-A3A8-7B7C14ECD77A}.Debug|x64.ActiveCfg = Debug|Any CPU
		{FB2DB31D-FCFA-45CE-A3A8-7B7C14ECD77A}.Debug|x64.Build.0 = Debug|Any CPU
		{FB2DB31D-FCFA-45CE-A3A8-7B7C14ECD77A}.Debug|x86.ActiveCfg = Debug|Any CPU
		{FB2DB31D-FCFA-45CE-A3A8-7B7C14ECD77A}.Debug|x86.Build.0 = Debug|Any CPU
		{FB2DB31D-FCFA-45CE-A3A8-7B7C14ECD77A}.Release|Any CPU.ActiveCfg = Release|Any CPU
		{FB2DB31D-FCFA-45CE-A3A8-7B7C14ECD77A}.Release|Any CPU.Build.0 = Release|Any CPU
		{FB2DB31D-FCFA-45CE-A3A8-7B7C14ECD77A}.Release|ARM.ActiveCfg = Release|Any CPU
		{FB2DB31D-FCFA-45CE-A3A8-7B7C14ECD77A}.Release|ARM.Build.0 = Release|Any CPU
		{FB2DB31D-FCFA-45CE-A3A8-7B7C14ECD77A}.Release|x64.ActiveCfg = Release|Any CPU
		{FB2DB31D-FCFA-45CE-A3A8-7B7C14ECD77A}.Release|x64.Build.0 = Release|Any CPU
		{FB2DB31D-FCFA-45CE-A3A8-7B7C14ECD77A}.Release|x86.ActiveCfg = Release|Any CPU
		{FB2DB31D-FCFA-45CE-A3A8-7B7C14ECD77A}.Release|x86.Build.0 = Release|Any CPU
		{C18C6FE5-7408-4F3B-B562-7A563E01701E}.Debug|Any CPU.ActiveCfg = Debug|Any CPU
		{C18C6FE5-7408-4F3B-B562-7A563E01701E}.Debug|Any CPU.Build.0 = Debug|Any CPU
		{C18C6FE5-7408-4F3B-B562-7A563E01701E}.Debug|ARM.ActiveCfg = Debug|Any CPU
		{C18C6FE5-7408-4F3B-B562-7A563E01701E}.Debug|ARM.Build.0 = Debug|Any CPU
		{C18C6FE5-7408-4F3B-B562-7A563E01701E}.Debug|x64.ActiveCfg = Debug|Any CPU
		{C18C6FE5-7408-4F3B-B562-7A563E01701E}.Debug|x64.Build.0 = Debug|Any CPU
		{C18C6FE5-7408-4F3B-B562-7A563E01701E}.Debug|x86.ActiveCfg = Debug|Any CPU
		{C18C6FE5-7408-4F3B-B562-7A563E01701E}.Debug|x86.Build.0 = Debug|Any CPU
		{C18C6FE5-7408-4F3B-B562-7A563E01701E}.Release|Any CPU.ActiveCfg = Release|Any CPU
		{C18C6FE5-7408-4F3B-B562-7A563E01701E}.Release|Any CPU.Build.0 = Release|Any CPU
		{C18C6FE5-7408-4F3B-B562-7A563E01701E}.Release|ARM.ActiveCfg = Release|Any CPU
		{C18C6FE5-7408-4F3B-B562-7A563E01701E}.Release|ARM.Build.0 = Release|Any CPU
		{C18C6FE5-7408-4F3B-B562-7A563E01701E}.Release|x64.ActiveCfg = Release|Any CPU
		{C18C6FE5-7408-4F3B-B562-7A563E01701E}.Release|x64.Build.0 = Release|Any CPU
		{C18C6FE5-7408-4F3B-B562-7A563E01701E}.Release|x86.ActiveCfg = Release|Any CPU
		{C18C6FE5-7408-4F3B-B562-7A563E01701E}.Release|x86.Build.0 = Release|Any CPU
		{A22F3131-6D20-4D67-9A9F-314FE3691EA1}.Debug|Any CPU.ActiveCfg = Debug|Any CPU
		{A22F3131-6D20-4D67-9A9F-314FE3691EA1}.Debug|Any CPU.Build.0 = Debug|Any CPU
		{A22F3131-6D20-4D67-9A9F-314FE3691EA1}.Debug|ARM.ActiveCfg = Debug|Any CPU
		{A22F3131-6D20-4D67-9A9F-314FE3691EA1}.Debug|ARM.Build.0 = Debug|Any CPU
		{A22F3131-6D20-4D67-9A9F-314FE3691EA1}.Debug|x64.ActiveCfg = Debug|Any CPU
		{A22F3131-6D20-4D67-9A9F-314FE3691EA1}.Debug|x64.Build.0 = Debug|Any CPU
		{A22F3131-6D20-4D67-9A9F-314FE3691EA1}.Debug|x86.ActiveCfg = Debug|Any CPU
		{A22F3131-6D20-4D67-9A9F-314FE3691EA1}.Debug|x86.Build.0 = Debug|Any CPU
		{A22F3131-6D20-4D67-9A9F-314FE3691EA1}.Release|Any CPU.ActiveCfg = Release|Any CPU
		{A22F3131-6D20-4D67-9A9F-314FE3691EA1}.Release|Any CPU.Build.0 = Release|Any CPU
		{A22F3131-6D20-4D67-9A9F-314FE3691EA1}.Release|ARM.ActiveCfg = Release|Any CPU
		{A22F3131-6D20-4D67-9A9F-314FE3691EA1}.Release|ARM.Build.0 = Release|Any CPU
		{A22F3131-6D20-4D67-9A9F-314FE3691EA1}.Release|x64.ActiveCfg = Release|Any CPU
		{A22F3131-6D20-4D67-9A9F-314FE3691EA1}.Release|x64.Build.0 = Release|Any CPU
		{A22F3131-6D20-4D67-9A9F-314FE3691EA1}.Release|x86.ActiveCfg = Release|Any CPU
		{A22F3131-6D20-4D67-9A9F-314FE3691EA1}.Release|x86.Build.0 = Release|Any CPU
		{C17D3BD1-222F-4DCC-BBF8-44A04399701B}.Debug|Any CPU.ActiveCfg = Debug|Any CPU
		{C17D3BD1-222F-4DCC-BBF8-44A04399701B}.Debug|Any CPU.Build.0 = Debug|Any CPU
		{C17D3BD1-222F-4DCC-BBF8-44A04399701B}.Debug|ARM.ActiveCfg = Debug|Any CPU
		{C17D3BD1-222F-4DCC-BBF8-44A04399701B}.Debug|ARM.Build.0 = Debug|Any CPU
		{C17D3BD1-222F-4DCC-BBF8-44A04399701B}.Debug|x64.ActiveCfg = Debug|Any CPU
		{C17D3BD1-222F-4DCC-BBF8-44A04399701B}.Debug|x64.Build.0 = Debug|Any CPU
		{C17D3BD1-222F-4DCC-BBF8-44A04399701B}.Debug|x86.ActiveCfg = Debug|Any CPU
		{C17D3BD1-222F-4DCC-BBF8-44A04399701B}.Debug|x86.Build.0 = Debug|Any CPU
		{C17D3BD1-222F-4DCC-BBF8-44A04399701B}.Release|Any CPU.ActiveCfg = Release|Any CPU
		{C17D3BD1-222F-4DCC-BBF8-44A04399701B}.Release|Any CPU.Build.0 = Release|Any CPU
		{C17D3BD1-222F-4DCC-BBF8-44A04399701B}.Release|ARM.ActiveCfg = Release|Any CPU
		{C17D3BD1-222F-4DCC-BBF8-44A04399701B}.Release|ARM.Build.0 = Release|Any CPU
		{C17D3BD1-222F-4DCC-BBF8-44A04399701B}.Release|x64.ActiveCfg = Release|Any CPU
		{C17D3BD1-222F-4DCC-BBF8-44A04399701B}.Release|x64.Build.0 = Release|Any CPU
		{C17D3BD1-222F-4DCC-BBF8-44A04399701B}.Release|x86.ActiveCfg = Release|Any CPU
		{C17D3BD1-222F-4DCC-BBF8-44A04399701B}.Release|x86.Build.0 = Release|Any CPU
		{7CEC9C13-2631-4C6E-99F5-597B78478AE7}.Debug|Any CPU.ActiveCfg = Debug|Any CPU
		{7CEC9C13-2631-4C6E-99F5-597B78478AE7}.Debug|Any CPU.Build.0 = Debug|Any CPU
		{7CEC9C13-2631-4C6E-99F5-597B78478AE7}.Debug|ARM.ActiveCfg = Debug|Any CPU
		{7CEC9C13-2631-4C6E-99F5-597B78478AE7}.Debug|ARM.Build.0 = Debug|Any CPU
		{7CEC9C13-2631-4C6E-99F5-597B78478AE7}.Debug|x64.ActiveCfg = Debug|Any CPU
		{7CEC9C13-2631-4C6E-99F5-597B78478AE7}.Debug|x64.Build.0 = Debug|Any CPU
		{7CEC9C13-2631-4C6E-99F5-597B78478AE7}.Debug|x86.ActiveCfg = Debug|Any CPU
		{7CEC9C13-2631-4C6E-99F5-597B78478AE7}.Debug|x86.Build.0 = Debug|Any CPU
		{7CEC9C13-2631-4C6E-99F5-597B78478AE7}.Release|Any CPU.ActiveCfg = Release|Any CPU
		{7CEC9C13-2631-4C6E-99F5-597B78478AE7}.Release|Any CPU.Build.0 = Release|Any CPU
		{7CEC9C13-2631-4C6E-99F5-597B78478AE7}.Release|ARM.ActiveCfg = Release|Any CPU
		{7CEC9C13-2631-4C6E-99F5-597B78478AE7}.Release|ARM.Build.0 = Release|Any CPU
		{7CEC9C13-2631-4C6E-99F5-597B78478AE7}.Release|x64.ActiveCfg = Release|Any CPU
		{7CEC9C13-2631-4C6E-99F5-597B78478AE7}.Release|x64.Build.0 = Release|Any CPU
		{7CEC9C13-2631-4C6E-99F5-597B78478AE7}.Release|x86.ActiveCfg = Release|Any CPU
		{7CEC9C13-2631-4C6E-99F5-597B78478AE7}.Release|x86.Build.0 = Release|Any CPU
		{21C74251-3077-4FB7-8330-44F9C26200B0}.Debug|Any CPU.ActiveCfg = Debug|Any CPU
		{21C74251-3077-4FB7-8330-44F9C26200B0}.Debug|Any CPU.Build.0 = Debug|Any CPU
		{21C74251-3077-4FB7-8330-44F9C26200B0}.Debug|ARM.ActiveCfg = Debug|Any CPU
		{21C74251-3077-4FB7-8330-44F9C26200B0}.Debug|ARM.Build.0 = Debug|Any CPU
		{21C74251-3077-4FB7-8330-44F9C26200B0}.Debug|x64.ActiveCfg = Debug|Any CPU
		{21C74251-3077-4FB7-8330-44F9C26200B0}.Debug|x64.Build.0 = Debug|Any CPU
		{21C74251-3077-4FB7-8330-44F9C26200B0}.Debug|x86.ActiveCfg = Debug|Any CPU
		{21C74251-3077-4FB7-8330-44F9C26200B0}.Debug|x86.Build.0 = Debug|Any CPU
		{21C74251-3077-4FB7-8330-44F9C26200B0}.Release|Any CPU.ActiveCfg = Release|Any CPU
		{21C74251-3077-4FB7-8330-44F9C26200B0}.Release|Any CPU.Build.0 = Release|Any CPU
		{21C74251-3077-4FB7-8330-44F9C26200B0}.Release|ARM.ActiveCfg = Release|Any CPU
		{21C74251-3077-4FB7-8330-44F9C26200B0}.Release|ARM.Build.0 = Release|Any CPU
		{21C74251-3077-4FB7-8330-44F9C26200B0}.Release|x64.ActiveCfg = Release|Any CPU
		{21C74251-3077-4FB7-8330-44F9C26200B0}.Release|x64.Build.0 = Release|Any CPU
		{21C74251-3077-4FB7-8330-44F9C26200B0}.Release|x86.ActiveCfg = Release|Any CPU
		{21C74251-3077-4FB7-8330-44F9C26200B0}.Release|x86.Build.0 = Release|Any CPU
	EndGlobalSection
	GlobalSection(SolutionProperties) = preSolution
		HideSolutionNode = FALSE
	EndGlobalSection
	GlobalSection(NestedProjects) = preSolution
		{FDA62C35-4174-44B0-BEBE-61E80B2515BA} = {0410EFCB-757C-46BA-99AA-A82A06A79F64}
		{430061B8-8504-483F-A532-CEB69FF04128} = {0410EFCB-757C-46BA-99AA-A82A06A79F64}
		{A5508FF0-93B9-4241-B666-07B05189C435} = {0410EFCB-757C-46BA-99AA-A82A06A79F64}
		{7DD3DDA0-0B73-4A7F-ACAF-15111AC2EB93} = {0410EFCB-757C-46BA-99AA-A82A06A79F64}
		{5965A929-C3E5-42AD-8328-3641F8967E72} = {16A2D2FA-6D59-498E-8160-66518531792E}
		{845E4FBF-A6C0-4870-9D1A-C832E262D956} = {16A2D2FA-6D59-498E-8160-66518531792E}
		{FB2DB31D-FCFA-45CE-A3A8-7B7C14ECD77A} = {16A2D2FA-6D59-498E-8160-66518531792E}
		{C18C6FE5-7408-4F3B-B562-7A563E01701E} = {0410EFCB-757C-46BA-99AA-A82A06A79F64}
		{A22F3131-6D20-4D67-9A9F-314FE3691EA1} = {16A2D2FA-6D59-498E-8160-66518531792E}
		{C17D3BD1-222F-4DCC-BBF8-44A04399701B} = {0410EFCB-757C-46BA-99AA-A82A06A79F64}
		{7CEC9C13-2631-4C6E-99F5-597B78478AE7} = {0410EFCB-757C-46BA-99AA-A82A06A79F64}
		{21C74251-3077-4FB7-8330-44F9C26200B0} = {8DB69669-2C09-404B-B29A-79641919078B}
		{D90E9B82-6317-4055-82E3-FE8625C143E9} = {BB4BF990-0ABB-40C5-834D-3E14060A23BC}
	EndGlobalSection
EndGlobal
